{
    "name": "test",
    "requires": true,
    "lockfileVersion": 1,
    "dependencies": {
        "@types/json-schema": {
            "version": "7.0.4",
            "resolved": "https://registry.npmjs.org/@types/json-schema/-/json-schema-7.0.4.tgz",
            "integrity": "sha512-8+KAKzEvSUdeo+kmqnKrqgeE+LcA0tjYWFY7RPProVYwnqDjukzO+3b6dLD56rYX5TdWejnEOLJYOIeh4CXKuA==",
            "dev": true
        },
        "@typescript-eslint/eslint-plugin": {
            "version": "2.23.0",
            "resolved": "https://registry.npmjs.org/@typescript-eslint/eslint-plugin/-/eslint-plugin-2.23.0.tgz",
            "integrity": "sha512-8iA4FvRsz8qTjR0L/nK9RcRUN3QtIHQiOm69FzV7WS3SE+7P7DyGGwh3k4UNR2JBbk+Ej2Io+jLAaqKibNhmtw==",
            "dev": true,
            "requires": {
                "@typescript-eslint/experimental-utils": "2.23.0",
                "eslint-utils": "^1.4.3",
                "functional-red-black-tree": "^1.0.1",
                "regexpp": "^3.0.0",
                "tsutils": "^3.17.1"
            }
        },
        "@typescript-eslint/eslint-plugin-tslint": {
            "version": "2.23.0",
            "resolved": "https://registry.npmjs.org/@typescript-eslint/eslint-plugin-tslint/-/eslint-plugin-tslint-2.23.0.tgz",
            "integrity": "sha512-X6i48FBoIFaSMzgL0YO0G8JsfTuJWXg4m6Kd1jxqTo8SFHpde4sMZWPo8DNY25c5x5GKdP79gAnvHdn4UJADEw==",
            "dev": true,
            "requires": {
                "@typescript-eslint/experimental-utils": "2.23.0",
                "lodash": "^4.17.15"
            }
        },
        "@typescript-eslint/experimental-utils": {
            "version": "2.23.0",
            "resolved": "https://registry.npmjs.org/@typescript-eslint/experimental-utils/-/experimental-utils-2.23.0.tgz",
            "integrity": "sha512-OswxY59RcXH3NNPmq+4Kis2CYZPurRU6mG5xPcn24CjFyfdVli5mySwZz/g/xDbJXgDsYqNGq7enV0IziWGXVQ==",
            "dev": true,
            "requires": {
                "@types/json-schema": "^7.0.3",
                "@typescript-eslint/typescript-estree": "2.23.0",
                "eslint-scope": "^5.0.0"
            }
        },
        "@typescript-eslint/typescript-estree": {
            "version": "2.23.0",
            "resolved": "https://registry.npmjs.org/@typescript-eslint/typescript-estree/-/typescript-estree-2.23.0.tgz",
            "integrity": "sha512-pmf7IlmvXdlEXvE/JWNNJpEvwBV59wtJqA8MLAxMKLXNKVRC3HZBXR/SlZLPWTCcwOSg9IM7GeRSV3SIerGVqw==",
            "dev": true,
            "requires": {
                "debug": "^4.1.1",
                "eslint-visitor-keys": "^1.1.0",
                "glob": "^7.1.6",
                "is-glob": "^4.0.1",
                "lodash": "^4.17.15",
                "semver": "^6.3.0",
                "tsutils": "^3.17.1"
            }
        },
        "array-includes": {
            "version": "3.1.1",
            "resolved": "https://registry.npmjs.org/array-includes/-/array-includes-3.1.1.tgz",
            "integrity": "sha512-c2VXaCHl7zPsvpkFsw4nxvFie4fh1ur9bpcgsVkIjqn0H/Xwdg+7fv3n2r/isyS8EBj5b06M9kHyZuIr4El6WQ==",
            "dev": true,
            "requires": {
                "define-properties": "^1.1.3",
                "es-abstract": "^1.17.0",
                "is-string": "^1.0.5"
            }
        },
        "array.prototype.flat": {
            "version": "1.2.3",
            "resolved": "https://registry.npmjs.org/array.prototype.flat/-/array.prototype.flat-1.2.3.tgz",
            "integrity": "sha512-gBlRZV0VSmfPIeWfuuy56XZMvbVfbEUnOXUvt3F/eUUUSyzlgLxhEX4YAEpxNAogRGehPSnfXyPtYyKAhkzQhQ==",
            "dev": true,
            "requires": {
                "define-properties": "^1.1.3",
                "es-abstract": "^1.17.0-next.1"
            }
        },
        "balanced-match": {
            "version": "1.0.0",
            "resolved": "https://registry.npmjs.org/balanced-match/-/balanced-match-1.0.0.tgz",
            "integrity": "sha1-ibTRmasr7kneFk6gK4nORi1xt2c=",
            "dev": true
        },
        "brace-expansion": {
            "version": "1.1.11",
            "resolved": "https://registry.npmjs.org/brace-expansion/-/brace-expansion-1.1.11.tgz",
            "integrity": "sha512-iCuPHDFgrHX7H2vEI/5xpz07zSHB00TpugqhmYtVmMO6518mCuRMoOYFldEBl0g187ufozdaHgWKcYFb61qGiA==",
            "dev": true,
            "requires": {
                "balanced-match": "^1.0.0",
                "concat-map": "0.0.1"
            }
        },
        "comment-parser": {
            "version": "0.7.2",
            "resolved": "https://registry.npmjs.org/comment-parser/-/comment-parser-0.7.2.tgz",
            "integrity": "sha512-4Rjb1FnxtOcv9qsfuaNuVsmmVn4ooVoBHzYfyKteiXwIU84PClyGA5jASoFMwPV93+FPh9spwueXauxFJZkGAg==",
            "dev": true
        },
        "concat-map": {
            "version": "0.0.1",
            "resolved": "https://registry.npmjs.org/concat-map/-/concat-map-0.0.1.tgz",
            "integrity": "sha1-2Klr13/Wjfd5OnMDajug1UBdR3s=",
            "dev": true
        },
        "contains-path": {
            "version": "0.1.0",
            "resolved": "https://registry.npmjs.org/contains-path/-/contains-path-0.1.0.tgz",
            "integrity": "sha1-/ozxhP9mcLa67wGp1IYaXL7EEgo=",
            "dev": true
        },
        "debug": {
            "version": "4.1.1",
            "resolved": "https://registry.npmjs.org/debug/-/debug-4.1.1.tgz",
            "integrity": "sha512-pYAIzeRo8J6KPEaJ0VWOh5Pzkbw/RetuzehGM7QRRX5he4fPHx2rdKMB256ehJCkX+XRQm16eZLqLNS8RSZXZw==",
            "dev": true,
            "requires": {
                "ms": "^2.1.1"
            }
        },
        "define-properties": {
            "version": "1.1.3",
            "resolved": "https://registry.npmjs.org/define-properties/-/define-properties-1.1.3.tgz",
            "integrity": "sha512-3MqfYKj2lLzdMSf8ZIZE/V+Zuy+BgD6f164e8K2w7dgnpKArBDerGYpM46IYYcjnkdPNMjPk9A6VFB8+3SKlXQ==",
            "dev": true,
            "requires": {
                "object-keys": "^1.0.12"
            }
        },
        "doctrine": {
            "version": "1.5.0",
            "resolved": "https://registry.npmjs.org/doctrine/-/doctrine-1.5.0.tgz",
            "integrity": "sha1-N53Ocw9hZvds76TmcHoVmwLFpvo=",
            "dev": true,
            "requires": {
                "esutils": "^2.0.2",
                "isarray": "^1.0.0"
            }
        },
        "error-ex": {
            "version": "1.3.2",
            "resolved": "https://registry.npmjs.org/error-ex/-/error-ex-1.3.2.tgz",
            "integrity": "sha512-7dFHNmqeFSEt2ZBsCriorKnn3Z2pj+fd9kmI6QoWw4//DL+icEBfc0U7qJCisqrTsKTjw4fNFy2pW9OqStD84g==",
            "dev": true,
            "requires": {
                "is-arrayish": "^0.2.1"
            }
        },
        "es-abstract": {
            "version": "1.17.4",
            "resolved": "https://registry.npmjs.org/es-abstract/-/es-abstract-1.17.4.tgz",
            "integrity": "sha512-Ae3um/gb8F0mui/jPL+QiqmglkUsaQf7FwBEHYIFkztkneosu9imhqHpBzQ3h1vit8t5iQ74t6PEVvphBZiuiQ==",
            "dev": true,
            "requires": {
                "es-to-primitive": "^1.2.1",
                "function-bind": "^1.1.1",
                "has": "^1.0.3",
                "has-symbols": "^1.0.1",
                "is-callable": "^1.1.5",
                "is-regex": "^1.0.5",
                "object-inspect": "^1.7.0",
                "object-keys": "^1.1.1",
                "object.assign": "^4.1.0",
                "string.prototype.trimleft": "^2.1.1",
                "string.prototype.trimright": "^2.1.1"
            }
        },
        "es-to-primitive": {
            "version": "1.2.1",
            "resolved": "https://registry.npmjs.org/es-to-primitive/-/es-to-primitive-1.2.1.tgz",
            "integrity": "sha512-QCOllgZJtaUo9miYBcLChTUaHNjJF3PYs1VidD7AwiEj1kYxKeQTctLAezAOH5ZKRH0g2IgPn6KwB4IT8iRpvA==",
            "dev": true,
            "requires": {
                "is-callable": "^1.1.4",
                "is-date-object": "^1.0.1",
                "is-symbol": "^1.0.2"
            }
        },
        "eslint-import-resolver-node": {
            "version": "0.3.3",
            "resolved": "https://registry.npmjs.org/eslint-import-resolver-node/-/eslint-import-resolver-node-0.3.3.tgz",
            "integrity": "sha512-b8crLDo0M5RSe5YG8Pu2DYBj71tSB6OvXkfzwbJU2w7y8P4/yo0MyF8jU26IEuEuHF2K5/gcAJE3LhQGqBBbVg==",
            "dev": true,
            "requires": {
                "debug": "^2.6.9",
                "resolve": "^1.13.1"
            },
            "dependencies": {
                "debug": {
                    "version": "2.6.9",
                    "resolved": "https://registry.npmjs.org/debug/-/debug-2.6.9.tgz",
                    "integrity": "sha512-bC7ElrdJaJnPbAP+1EotYvqZsb3ecl5wi6Bfi6BJTUcNowp6cvspg0jXznRTKDjm/E7AdgFBVeAPVMNcKGsHMA==",
                    "dev": true,
                    "requires": {
                        "ms": "2.0.0"
                    }
                },
                "ms": {
                    "version": "2.0.0",
                    "resolved": "https://registry.npmjs.org/ms/-/ms-2.0.0.tgz",
                    "integrity": "sha1-VgiurfwAvmwpAd9fmGF4jeDVl8g=",
                    "dev": true
                }
            }
        },
        "eslint-module-utils": {
            "version": "2.5.2",
            "resolved": "https://registry.npmjs.org/eslint-module-utils/-/eslint-module-utils-2.5.2.tgz",
            "integrity": "sha512-LGScZ/JSlqGKiT8OC+cYRxseMjyqt6QO54nl281CK93unD89ijSeRV6An8Ci/2nvWVKe8K/Tqdm75RQoIOCr+Q==",
            "dev": true,
            "requires": {
                "debug": "^2.6.9",
                "pkg-dir": "^2.0.0"
            },
            "dependencies": {
                "debug": {
                    "version": "2.6.9",
                    "resolved": "https://registry.npmjs.org/debug/-/debug-2.6.9.tgz",
                    "integrity": "sha512-bC7ElrdJaJnPbAP+1EotYvqZsb3ecl5wi6Bfi6BJTUcNowp6cvspg0jXznRTKDjm/E7AdgFBVeAPVMNcKGsHMA==",
                    "dev": true,
                    "requires": {
                        "ms": "2.0.0"
                    }
                },
                "ms": {
                    "version": "2.0.0",
                    "resolved": "https://registry.npmjs.org/ms/-/ms-2.0.0.tgz",
                    "integrity": "sha1-VgiurfwAvmwpAd9fmGF4jeDVl8g=",
                    "dev": true
                }
            }
        },
        "eslint-plugin-import": {
            "version": "2.20.1",
            "resolved": "https://registry.npmjs.org/eslint-plugin-import/-/eslint-plugin-import-2.20.1.tgz",
            "integrity": "sha512-qQHgFOTjguR+LnYRoToeZWT62XM55MBVXObHM6SKFd1VzDcX/vqT1kAz8ssqigh5eMj8qXcRoXXGZpPP6RfdCw==",
            "dev": true,
            "requires": {
                "array-includes": "^3.0.3",
                "array.prototype.flat": "^1.2.1",
                "contains-path": "^0.1.0",
                "debug": "^2.6.9",
                "doctrine": "1.5.0",
                "eslint-import-resolver-node": "^0.3.2",
                "eslint-module-utils": "^2.4.1",
                "has": "^1.0.3",
                "minimatch": "^3.0.4",
                "object.values": "^1.1.0",
                "read-pkg-up": "^2.0.0",
                "resolve": "^1.12.0"
            },
            "dependencies": {
                "debug": {
                    "version": "2.6.9",
                    "resolved": "https://registry.npmjs.org/debug/-/debug-2.6.9.tgz",
                    "integrity": "sha512-bC7ElrdJaJnPbAP+1EotYvqZsb3ecl5wi6Bfi6BJTUcNowp6cvspg0jXznRTKDjm/E7AdgFBVeAPVMNcKGsHMA==",
                    "dev": true,
                    "requires": {
                        "ms": "2.0.0"
                    }
                },
                "ms": {
                    "version": "2.0.0",
                    "resolved": "https://registry.npmjs.org/ms/-/ms-2.0.0.tgz",
                    "integrity": "sha1-VgiurfwAvmwpAd9fmGF4jeDVl8g=",
                    "dev": true
                }
            }
        },
        "eslint-plugin-jsdoc": {
            "version": "22.0.1",
            "resolved": "https://registry.npmjs.org/eslint-plugin-jsdoc/-/eslint-plugin-jsdoc-22.0.1.tgz",
            "integrity": "sha512-lqQgGtd+roOhd5lSdIK4P3mlDmTVmVdcehj/r8nY25CGB2yi4Tk6JVwETCPBGnRKd40JkllkchyZmt0tFN+5pw==",
            "dev": true,
            "requires": {
                "comment-parser": "^0.7.2",
                "debug": "^4.1.1",
                "jsdoctypeparser": "^6.1.0",
                "lodash": "^4.17.15",
                "regextras": "^0.7.0",
                "semver": "^6.3.0",
                "spdx-expression-parse": "^3.0.0"
            }
        },
        "eslint-plugin-prefer-arrow": {
            "version": "1.1.7",
            "resolved": "https://registry.npmjs.org/eslint-plugin-prefer-arrow/-/eslint-plugin-prefer-arrow-1.1.7.tgz",
            "integrity": "sha512-epsA4g804mRovlOHSbeO1xxW7REGeUjULRME9MJTJDOVscNIA01AkR66TP4cmHDfD+w72EQ9cPhf37MbZiFI2w==",
            "dev": true
        },
        "eslint-scope": {
            "version": "5.0.0",
            "resolved": "https://registry.npmjs.org/eslint-scope/-/eslint-scope-5.0.0.tgz",
            "integrity": "sha512-oYrhJW7S0bxAFDvWqzvMPRm6pcgcnWc4QnofCAqRTRfQC0JcwenzGglTtsLyIuuWFfkqDG9vz67cnttSd53djw==",
            "dev": true,
            "requires": {
                "esrecurse": "^4.1.0",
                "estraverse": "^4.1.1"
            }
        },
        "eslint-utils": {
            "version": "1.4.3",
            "resolved": "https://registry.npmjs.org/eslint-utils/-/eslint-utils-1.4.3.tgz",
            "integrity": "sha512-fbBN5W2xdY45KulGXmLHZ3c3FHfVYmKg0IrAKGOkT/464PQsx2UeIzfz1RmEci+KLm1bBaAzZAh8+/E+XAeZ8Q==",
            "dev": true,
            "requires": {
                "eslint-visitor-keys": "^1.1.0"
            }
        },
        "eslint-visitor-keys": {
            "version": "1.1.0",
            "resolved": "https://registry.npmjs.org/eslint-visitor-keys/-/eslint-visitor-keys-1.1.0.tgz",
            "integrity": "sha512-8y9YjtM1JBJU/A9Kc+SbaOV4y29sSWckBwMHa+FGtVj5gN/sbnKDf6xJUl+8g7FAij9LVaP8C24DUiH/f/2Z9A==",
            "dev": true
        },
        "esrecurse": {
            "version": "4.2.1",
            "resolved": "https://registry.npmjs.org/esrecurse/-/esrecurse-4.2.1.tgz",
            "integrity": "sha512-64RBB++fIOAXPw3P9cy89qfMlvZEXZkqqJkjqqXIvzP5ezRZjW+lPWjw35UX/3EhUPFYbg5ER4JYgDw4007/DQ==",
            "dev": true,
            "requires": {
                "estraverse": "^4.1.0"
            }
        },
        "estraverse": {
            "version": "4.3.0",
            "resolved": "https://registry.npmjs.org/estraverse/-/estraverse-4.3.0.tgz",
            "integrity": "sha512-39nnKffWz8xN1BU/2c79n9nB9HDzo0niYUqx6xyqUnyoAnQyyWpOTdZEeiCch8BBu515t4wp9ZmgVfVhn9EBpw==",
            "dev": true
        },
        "esutils": {
            "version": "2.0.3",
            "resolved": "https://registry.npmjs.org/esutils/-/esutils-2.0.3.tgz",
            "integrity": "sha512-kVscqXk4OCp68SZ0dkgEKVi6/8ij300KBWTJq32P/dYeWTSwK41WyTxalN1eRmA5Z9UU/LX9D7FWSmV9SAYx6g==",
            "dev": true
        },
        "find-up": {
            "version": "2.1.0",
            "resolved": "https://registry.npmjs.org/find-up/-/find-up-2.1.0.tgz",
            "integrity": "sha1-RdG35QbHF93UgndaK3eSCjwMV6c=",
            "dev": true,
            "requires": {
                "locate-path": "^2.0.0"
            }
        },
        "fs.realpath": {
            "version": "1.0.0",
            "resolved": "https://registry.npmjs.org/fs.realpath/-/fs.realpath-1.0.0.tgz",
            "integrity": "sha1-FQStJSMVjKpA20onh8sBQRmU6k8=",
            "dev": true
        },
        "function-bind": {
            "version": "1.1.1",
            "resolved": "https://registry.npmjs.org/function-bind/-/function-bind-1.1.1.tgz",
            "integrity": "sha512-yIovAzMX49sF8Yl58fSCWJ5svSLuaibPxXQJFLmBObTuCr0Mf1KiPopGM9NiFjiYBCbfaa2Fh6breQ6ANVTI0A==",
            "dev": true
        },
        "functional-red-black-tree": {
            "version": "1.0.1",
            "resolved": "https://registry.npmjs.org/functional-red-black-tree/-/functional-red-black-tree-1.0.1.tgz",
            "integrity": "sha1-GwqzvVU7Kg1jmdKcDj6gslIHgyc=",
            "dev": true
        },
        "glob": {
            "version": "7.1.6",
            "resolved": "https://registry.npmjs.org/glob/-/glob-7.1.6.tgz",
            "integrity": "sha512-LwaxwyZ72Lk7vZINtNNrywX0ZuLyStrdDtabefZKAY5ZGJhVtgdznluResxNmPitE0SAO+O26sWTHeKSI2wMBA==",
            "dev": true,
            "requires": {
                "fs.realpath": "^1.0.0",
                "inflight": "^1.0.4",
                "inherits": "2",
                "minimatch": "^3.0.4",
                "once": "^1.3.0",
                "path-is-absolute": "^1.0.0"
            }
        },
        "graceful-fs": {
            "version": "4.2.3",
            "resolved": "https://registry.npmjs.org/graceful-fs/-/graceful-fs-4.2.3.tgz",
            "integrity": "sha512-a30VEBm4PEdx1dRB7MFK7BejejvCvBronbLjht+sHuGYj8PHs7M/5Z+rt5lw551vZ7yfTCj4Vuyy3mSJytDWRQ==",
            "dev": true
        },
        "has": {
            "version": "1.0.3",
            "resolved": "https://registry.npmjs.org/has/-/has-1.0.3.tgz",
            "integrity": "sha512-f2dvO0VU6Oej7RkWJGrehjbzMAjFp5/VKPp5tTpWIV4JHHZK1/BxbFRtf/siA2SWTe09caDmVtYYzWEIbBS4zw==",
            "dev": true,
            "requires": {
                "function-bind": "^1.1.1"
            }
        },
        "has-symbols": {
            "version": "1.0.1",
            "resolved": "https://registry.npmjs.org/has-symbols/-/has-symbols-1.0.1.tgz",
            "integrity": "sha512-PLcsoqu++dmEIZB+6totNFKq/7Do+Z0u4oT0zKOJNl3lYK6vGwwu2hjHs+68OEZbTjiUE9bgOABXbP/GvrS0Kg==",
            "dev": true
        },
        "hosted-git-info": {
            "version": "2.8.8",
            "resolved": "https://registry.npmjs.org/hosted-git-info/-/hosted-git-info-2.8.8.tgz",
            "integrity": "sha512-f/wzC2QaWBs7t9IYqB4T3sR1xviIViXJRJTWBlx2Gf3g0Xi5vI7Yy4koXQ1c9OYDGHN9sBy1DQ2AB8fqZBWhUg==",
            "dev": true
        },
        "inflight": {
            "version": "1.0.6",
            "resolved": "https://registry.npmjs.org/inflight/-/inflight-1.0.6.tgz",
            "integrity": "sha1-Sb1jMdfQLQwJvJEKEHW6gWW1bfk=",
            "dev": true,
            "requires": {
                "once": "^1.3.0",
                "wrappy": "1"
            }
        },
        "inherits": {
            "version": "2.0.4",
            "resolved": "https://registry.npmjs.org/inherits/-/inherits-2.0.4.tgz",
            "integrity": "sha512-k/vGaX4/Yla3WzyMCvTQOXYeIHvqOKtnqBduzTHpzpQZzAskKMhZ2K+EnBiSM9zGSoIFeMpXKxa4dYeZIQqewQ==",
            "dev": true
        },
        "is-arrayish": {
            "version": "0.2.1",
            "resolved": "https://registry.npmjs.org/is-arrayish/-/is-arrayish-0.2.1.tgz",
            "integrity": "sha1-d8mYQFJ6qOyxqLppe4BkWnqSap0=",
            "dev": true
        },
        "is-callable": {
            "version": "1.1.5",
            "resolved": "https://registry.npmjs.org/is-callable/-/is-callable-1.1.5.tgz",
            "integrity": "sha512-ESKv5sMCJB2jnHTWZ3O5itG+O128Hsus4K4Qh1h2/cgn2vbgnLSVqfV46AeJA9D5EeeLa9w81KUXMtn34zhX+Q==",
            "dev": true
        },
        "is-date-object": {
            "version": "1.0.2",
            "resolved": "https://registry.npmjs.org/is-date-object/-/is-date-object-1.0.2.tgz",
            "integrity": "sha512-USlDT524woQ08aoZFzh3/Z6ch9Y/EWXEHQ/AaRN0SkKq4t2Jw2R2339tSXmwuVoY7LLlBCbOIlx2myP/L5zk0g==",
            "dev": true
        },
        "is-extglob": {
            "version": "2.1.1",
            "resolved": "https://registry.npmjs.org/is-extglob/-/is-extglob-2.1.1.tgz",
            "integrity": "sha1-qIwCU1eR8C7TfHahueqXc8gz+MI=",
            "dev": true
        },
        "is-glob": {
            "version": "4.0.1",
            "resolved": "https://registry.npmjs.org/is-glob/-/is-glob-4.0.1.tgz",
            "integrity": "sha512-5G0tKtBTFImOqDnLB2hG6Bp2qcKEFduo4tZu9MT/H6NQv/ghhy30o55ufafxJ/LdH79LLs2Kfrn85TLKyA7BUg==",
            "dev": true,
            "requires": {
                "is-extglob": "^2.1.1"
            }
        },
        "is-regex": {
            "version": "1.0.5",
            "resolved": "https://registry.npmjs.org/is-regex/-/is-regex-1.0.5.tgz",
            "integrity": "sha512-vlKW17SNq44owv5AQR3Cq0bQPEb8+kF3UKZ2fiZNOWtztYE5i0CzCZxFDwO58qAOWtxdBRVO/V5Qin1wjCqFYQ==",
            "dev": true,
            "requires": {
                "has": "^1.0.3"
            }
        },
        "is-string": {
            "version": "1.0.5",
            "resolved": "https://registry.npmjs.org/is-string/-/is-string-1.0.5.tgz",
            "integrity": "sha512-buY6VNRjhQMiF1qWDouloZlQbRhDPCebwxSjxMjxgemYT46YMd2NR0/H+fBhEfWX4A/w9TBJ+ol+okqJKFE6vQ==",
            "dev": true
        },
        "is-symbol": {
            "version": "1.0.3",
            "resolved": "https://registry.npmjs.org/is-symbol/-/is-symbol-1.0.3.tgz",
            "integrity": "sha512-OwijhaRSgqvhm/0ZdAcXNZt9lYdKFpcRDT5ULUuYXPoT794UNOdU+gpT6Rzo7b4V2HUl/op6GqY894AZwv9faQ==",
            "dev": true,
            "requires": {
                "has-symbols": "^1.0.1"
            }
        },
        "isarray": {
            "version": "1.0.0",
            "resolved": "https://registry.npmjs.org/isarray/-/isarray-1.0.0.tgz",
            "integrity": "sha1-u5NdSFgsuhaMBoNJV6VKPgcSTxE=",
            "dev": true
        },
        "jsdoctypeparser": {
            "version": "6.1.0",
            "resolved": "https://registry.npmjs.org/jsdoctypeparser/-/jsdoctypeparser-6.1.0.tgz",
            "integrity": "sha512-UCQBZ3xCUBv/PLfwKAJhp6jmGOSLFNKzrotXGNgbKhWvz27wPsCsVeP7gIcHPElQw2agBmynAitXqhxR58XAmA==",
            "dev": true
        },
        "load-json-file": {
            "version": "2.0.0",
            "resolved": "https://registry.npmjs.org/load-json-file/-/load-json-file-2.0.0.tgz",
            "integrity": "sha1-eUfkIUmvgNaWy/eXvKq8/h/inKg=",
            "dev": true,
            "requires": {
                "graceful-fs": "^4.1.2",
                "parse-json": "^2.2.0",
                "pify": "^2.0.0",
                "strip-bom": "^3.0.0"
            }
        },
        "locate-path": {
            "version": "2.0.0",
            "resolved": "https://registry.npmjs.org/locate-path/-/locate-path-2.0.0.tgz",
            "integrity": "sha1-K1aLJl7slExtnA3pw9u7ygNUzY4=",
            "dev": true,
            "requires": {
                "p-locate": "^2.0.0",
                "path-exists": "^3.0.0"
            }
        },
        "lodash": {
            "version": "4.17.15",
            "resolved": "https://registry.npmjs.org/lodash/-/lodash-4.17.15.tgz",
            "integrity": "sha512-8xOcRHvCjnocdS5cpwXQXVzmmh5e5+saE2QGoeQmbKmRS6J3VQppPOIt0MnmE+4xlZoumy0GPG0D0MVIQbNA1A==",
            "dev": true
        },
        "minimatch": {
            "version": "3.0.4",
            "resolved": "https://registry.npmjs.org/minimatch/-/minimatch-3.0.4.tgz",
            "integrity": "sha512-yJHVQEhyqPLUTgt9B83PXu6W3rx4MvvHvSUvToogpwoGDOUQ+yDrR0HRot+yOCdCO7u4hX3pWft6kWBBcqh0UA==",
            "dev": true,
            "requires": {
                "brace-expansion": "^1.1.7"
            }
        },
        "ms": {
            "version": "2.1.2",
            "resolved": "https://registry.npmjs.org/ms/-/ms-2.1.2.tgz",
            "integrity": "sha512-sGkPx+VjMtmA6MX27oA4FBFELFCZZ4S4XqeGOXCv68tT+jb3vk/RyaKWP0PTKyWtmLSM0b+adUTEvbs1PEaH2w==",
            "dev": true
        },
        "normalize-package-data": {
            "version": "2.5.0",
            "resolved": "https://registry.npmjs.org/normalize-package-data/-/normalize-package-data-2.5.0.tgz",
            "integrity": "sha512-/5CMN3T0R4XTj4DcGaexo+roZSdSFW/0AOOTROrjxzCG1wrWXEsGbRKevjlIL+ZDE4sZlJr5ED4YW0yqmkK+eA==",
            "dev": true,
            "requires": {
                "hosted-git-info": "^2.1.4",
                "resolve": "^1.10.0",
                "semver": "2 || 3 || 4 || 5",
                "validate-npm-package-license": "^3.0.1"
            },
            "dependencies": {
                "semver": {
                    "version": "5.7.1",
                    "resolved": "https://registry.npmjs.org/semver/-/semver-5.7.1.tgz",
                    "integrity": "sha512-sauaDf/PZdVgrLTNYHRtpXa1iRiKcaebiKQ1BJdpQlWH2lCvexQdX55snPFyK7QzpudqbCI0qXFfOasHdyNDGQ==",
                    "dev": true
                }
            }
        },
        "object-inspect": {
            "version": "1.7.0",
            "resolved": "https://registry.npmjs.org/object-inspect/-/object-inspect-1.7.0.tgz",
            "integrity": "sha512-a7pEHdh1xKIAgTySUGgLMx/xwDZskN1Ud6egYYN3EdRW4ZMPNEDUTF+hwy2LUC+Bl+SyLXANnwz/jyh/qutKUw==",
            "dev": true
        },
        "object-keys": {
            "version": "1.1.1",
            "resolved": "https://registry.npmjs.org/object-keys/-/object-keys-1.1.1.tgz",
            "integrity": "sha512-NuAESUOUMrlIXOfHKzD6bpPu3tYt3xvjNdRIQ+FeT0lNb4K8WR70CaDxhuNguS2XG+GjkyMwOzsN5ZktImfhLA==",
            "dev": true
        },
        "object.assign": {
            "version": "4.1.0",
            "resolved": "https://registry.npmjs.org/object.assign/-/object.assign-4.1.0.tgz",
            "integrity": "sha512-exHJeq6kBKj58mqGyTQ9DFvrZC/eR6OwxzoM9YRoGBqrXYonaFyGiFMuc9VZrXf7DarreEwMpurG3dd+CNyW5w==",
            "dev": true,
            "requires": {
                "define-properties": "^1.1.2",
                "function-bind": "^1.1.1",
                "has-symbols": "^1.0.0",
                "object-keys": "^1.0.11"
            }
        },
        "object.values": {
            "version": "1.1.1",
            "resolved": "https://registry.npmjs.org/object.values/-/object.values-1.1.1.tgz",
            "integrity": "sha512-WTa54g2K8iu0kmS/us18jEmdv1a4Wi//BZ/DTVYEcH0XhLM5NYdpDHja3gt57VrZLcNAO2WGA+KpWsDBaHt6eA==",
            "dev": true,
            "requires": {
                "define-properties": "^1.1.3",
                "es-abstract": "^1.17.0-next.1",
                "function-bind": "^1.1.1",
                "has": "^1.0.3"
            }
        },
        "once": {
            "version": "1.4.0",
            "resolved": "https://registry.npmjs.org/once/-/once-1.4.0.tgz",
            "integrity": "sha1-WDsap3WWHUsROsF9nFC6753Xa9E=",
            "dev": true,
            "requires": {
                "wrappy": "1"
            }
        },
        "p-limit": {
            "version": "1.3.0",
            "resolved": "https://registry.npmjs.org/p-limit/-/p-limit-1.3.0.tgz",
            "integrity": "sha512-vvcXsLAJ9Dr5rQOPk7toZQZJApBl2K4J6dANSsEuh6QI41JYcsS/qhTGa9ErIUUgK3WNQoJYvylxvjqmiqEA9Q==",
            "dev": true,
            "requires": {
                "p-try": "^1.0.0"
            }
        },
        "p-locate": {
            "version": "2.0.0",
            "resolved": "https://registry.npmjs.org/p-locate/-/p-locate-2.0.0.tgz",
            "integrity": "sha1-IKAQOyIqcMj9OcwuWAaA893l7EM=",
            "dev": true,
            "requires": {
                "p-limit": "^1.1.0"
            }
        },
        "p-try": {
            "version": "1.0.0",
            "resolved": "https://registry.npmjs.org/p-try/-/p-try-1.0.0.tgz",
            "integrity": "sha1-y8ec26+P1CKOE/Yh8rGiN8GyB7M=",
            "dev": true
        },
        "parse-json": {
            "version": "2.2.0",
            "resolved": "https://registry.npmjs.org/parse-json/-/parse-json-2.2.0.tgz",
            "integrity": "sha1-9ID0BDTvgHQfhGkJn43qGPVaTck=",
            "dev": true,
            "requires": {
                "error-ex": "^1.2.0"
            }
        },
        "path-exists": {
            "version": "3.0.0",
            "resolved": "https://registry.npmjs.org/path-exists/-/path-exists-3.0.0.tgz",
            "integrity": "sha1-zg6+ql94yxiSXqfYENe1mwEP1RU=",
            "dev": true
        },
        "path-is-absolute": {
            "version": "1.0.1",
            "resolved": "https://registry.npmjs.org/path-is-absolute/-/path-is-absolute-1.0.1.tgz",
            "integrity": "sha1-F0uSaHNVNP+8es5r9TpanhtcX18=",
            "dev": true
        },
        "path-parse": {
            "version": "1.0.6",
            "resolved": "https://registry.npmjs.org/path-parse/-/path-parse-1.0.6.tgz",
            "integrity": "sha512-GSmOT2EbHrINBf9SR7CDELwlJ8AENk3Qn7OikK4nFYAu3Ote2+JYNVvkpAEQm3/TLNEJFD/xZJjzyxg3KBWOzw==",
            "dev": true
        },
        "path-type": {
            "version": "2.0.0",
            "resolved": "https://registry.npmjs.org/path-type/-/path-type-2.0.0.tgz",
            "integrity": "sha1-8BLMuEFbcJb8LaoQVMPXI4lZTHM=",
            "dev": true,
            "requires": {
                "pify": "^2.0.0"
            }
        },
        "pify": {
            "version": "2.3.0",
            "resolved": "https://registry.npmjs.org/pify/-/pify-2.3.0.tgz",
            "integrity": "sha1-7RQaasBDqEnqWISY59yosVMw6Qw=",
            "dev": true
        },
        "pkg-dir": {
            "version": "2.0.0",
            "resolved": "https://registry.npmjs.org/pkg-dir/-/pkg-dir-2.0.0.tgz",
            "integrity": "sha1-9tXREJ4Z1j7fQo4L1X4Sd3YVM0s=",
            "dev": true,
            "requires": {
                "find-up": "^2.1.0"
            }
        },
        "read-pkg": {
            "version": "2.0.0",
            "resolved": "https://registry.npmjs.org/read-pkg/-/read-pkg-2.0.0.tgz",
            "integrity": "sha1-jvHAYjxqbbDcZxPEv6xGMysjaPg=",
            "dev": true,
            "requires": {
                "load-json-file": "^2.0.0",
                "normalize-package-data": "^2.3.2",
                "path-type": "^2.0.0"
            }
        },
        "read-pkg-up": {
            "version": "2.0.0",
            "resolved": "https://registry.npmjs.org/read-pkg-up/-/read-pkg-up-2.0.0.tgz",
            "integrity": "sha1-a3KoBImE4MQeeVEP1en6mbO1Sb4=",
            "dev": true,
            "requires": {
                "find-up": "^2.0.0",
                "read-pkg": "^2.0.0"
            }
        },
        "regexpp": {
            "version": "3.0.0",
            "resolved": "https://registry.npmjs.org/regexpp/-/regexpp-3.0.0.tgz",
            "integrity": "sha512-Z+hNr7RAVWxznLPuA7DIh8UNX1j9CDrUQxskw9IrBE1Dxue2lyXT+shqEIeLUjrokxIP8CMy1WkjgG3rTsd5/g==",
            "dev": true
        },
        "regextras": {
            "version": "0.7.0",
            "resolved": "https://registry.npmjs.org/regextras/-/regextras-0.7.0.tgz",
            "integrity": "sha512-ds+fL+Vhl918gbAUb0k2gVKbTZLsg84Re3DI6p85Et0U0tYME3hyW4nMK8Px4dtDaBA2qNjvG5uWyW7eK5gfmw==",
            "dev": true
        },
        "resolve": {
            "version": "1.15.1",
            "resolved": "https://registry.npmjs.org/resolve/-/resolve-1.15.1.tgz",
            "integrity": "sha512-84oo6ZTtoTUpjgNEr5SJyzQhzL72gaRodsSfyxC/AXRvwu0Yse9H8eF9IpGo7b8YetZhlI6v7ZQ6bKBFV/6S7w==",
            "dev": true,
            "requires": {
                "path-parse": "^1.0.6"
            }
        },
        "semver": {
            "version": "6.3.0",
            "resolved": "https://registry.npmjs.org/semver/-/semver-6.3.0.tgz",
            "integrity": "sha512-b39TBaTSfV6yBrapU89p5fKekE2m/NwnDocOVruQFS1/veMgdzuPcnOM34M6CwxW8jH/lxEa5rBoDeUwu5HHTw==",
            "dev": true
        },
        "spdx-correct": {
            "version": "3.1.0",
            "resolved": "https://registry.npmjs.org/spdx-correct/-/spdx-correct-3.1.0.tgz",
            "integrity": "sha512-lr2EZCctC2BNR7j7WzJ2FpDznxky1sjfxvvYEyzxNyb6lZXHODmEoJeFu4JupYlkfha1KZpJyoqiJ7pgA1qq8Q==",
            "dev": true,
            "requires": {
                "spdx-expression-parse": "^3.0.0",
                "spdx-license-ids": "^3.0.0"
            }
        },
        "spdx-exceptions": {
            "version": "2.2.0",
            "resolved": "https://registry.npmjs.org/spdx-exceptions/-/spdx-exceptions-2.2.0.tgz",
            "integrity": "sha512-2XQACfElKi9SlVb1CYadKDXvoajPgBVPn/gOQLrTvHdElaVhr7ZEbqJaRnJLVNeaI4cMEAgVCeBMKF6MWRDCRA==",
            "dev": true
        },
        "spdx-expression-parse": {
            "version": "3.0.0",
            "resolved": "https://registry.npmjs.org/spdx-expression-parse/-/spdx-expression-parse-3.0.0.tgz",
            "integrity": "sha512-Yg6D3XpRD4kkOmTpdgbUiEJFKghJH03fiC1OPll5h/0sO6neh2jqRDVHOQ4o/LMea0tgCkbMgea5ip/e+MkWyg==",
            "dev": true,
            "requires": {
                "spdx-exceptions": "^2.1.0",
                "spdx-license-ids": "^3.0.0"
            }
        },
        "spdx-license-ids": {
            "version": "3.0.5",
            "resolved": "https://registry.npmjs.org/spdx-license-ids/-/spdx-license-ids-3.0.5.tgz",
            "integrity": "sha512-J+FWzZoynJEXGphVIS+XEh3kFSjZX/1i9gFBaWQcB+/tmpe2qUsSBABpcxqxnAxFdiUFEgAX1bjYGQvIZmoz9Q==",
            "dev": true
        },
        "string.prototype.trimleft": {
            "version": "2.1.1",
            "resolved": "https://registry.npmjs.org/string.prototype.trimleft/-/string.prototype.trimleft-2.1.1.tgz",
            "integrity": "sha512-iu2AGd3PuP5Rp7x2kEZCrB2Nf41ehzh+goo8TV7z8/XDBbsvc6HQIlUl9RjkZ4oyrW1XM5UwlGl1oVEaDjg6Ag==",
            "dev": true,
            "requires": {
                "define-properties": "^1.1.3",
                "function-bind": "^1.1.1"
            }
        },
        "string.prototype.trimright": {
            "version": "2.1.1",
            "resolved": "https://registry.npmjs.org/string.prototype.trimright/-/string.prototype.trimright-2.1.1.tgz",
            "integrity": "sha512-qFvWL3/+QIgZXVmJBfpHmxLB7xsUXz6HsUmP8+5dRaC3Q7oKUv9Vo6aMCRZC1smrtyECFsIT30PqBJ1gTjAs+g==",
            "dev": true,
            "requires": {
                "define-properties": "^1.1.3",
                "function-bind": "^1.1.1"
            }
        },
        "strip-bom": {
            "version": "3.0.0",
            "resolved": "https://registry.npmjs.org/strip-bom/-/strip-bom-3.0.0.tgz",
            "integrity": "sha1-IzTBjpx1n3vdVv3vfprj1YjmjtM=",
            "dev": true
        },
        "tslib": {
            "version": "1.11.1",
            "resolved": "https://registry.npmjs.org/tslib/-/tslib-1.11.1.tgz",
            "integrity": "sha512-aZW88SY8kQbU7gpV19lN24LtXh/yD4ZZg6qieAJDDg+YBsJcSmLGK9QpnUjAKVG/xefmvJGd1WUmfpT/g6AJGA==",
            "dev": true
        },
        "tsutils": {
            "version": "3.17.1",
            "resolved": "https://registry.npmjs.org/tsutils/-/tsutils-3.17.1.tgz",
            "integrity": "sha512-kzeQ5B8H3w60nFY2g8cJIuH7JDpsALXySGtwGJ0p2LSjLgay3NdIpqq5SoOBe46bKDW2iq25irHCr8wjomUS2g==",
            "dev": true,
            "requires": {
                "tslib": "^1.8.1"
            }
        },
        "typescript": {
            "version": "3.8.3",
            "resolved": "https://registry.npmjs.org/typescript/-/typescript-3.8.3.tgz",
            "integrity": "sha512-MYlEfn5VrLNsgudQTVJeNaQFUAI7DkhnOjdpAp4T+ku1TfQClewlbSuTVHiA+8skNBgaf02TL/kLOvig4y3G8w==",
            "dev": true
        },
        "typescript-eslint-plugin": {
            "version": "file:../..",
            "dev": true,
            "requires": {
                "@thi.ng/cache": "^1.0.34",
                "lodash.clonedeep": "^4.5.0",
                "lodash.pick": "^4.4.0",
                "mock-require": "^3.0.3",
                "upath": "^1.2.0",
                "vscode-languageserver": "^6.1.1"
            }
        },
        "validate-npm-package-license": {
            "version": "3.0.4",
            "resolved": "https://registry.npmjs.org/validate-npm-package-license/-/validate-npm-package-license-3.0.4.tgz",
            "integrity": "sha512-DpKm2Ui/xN7/HQKCtpZxoRWBhZ9Z0kqtygG8XCgNQ8ZlDnxuQmWhj566j8fN4Cu3/JmbhsDo7fcAJq4s9h27Ew==",
            "dev": true,
            "requires": {
                "spdx-correct": "^3.0.0",
                "spdx-expression-parse": "^3.0.0"
            }
        },
        "wrappy": {
            "version": "1.0.2",
            "resolved": "https://registry.npmjs.org/wrappy/-/wrappy-1.0.2.tgz",
            "integrity": "sha1-tSQ9jz7BqjXxNkYFvA0QNuMKtp8=",
            "dev": true
        }
    }
}
