{
    "name": "test",
    "requires": true,
    "lockfileVersion": 1,
    "dependencies": {
        "typescript": {
            "version": "3.8.3",
            "resolved": "https://registry.npmjs.org/typescript/-/typescript-3.8.3.tgz",
            "integrity": "sha512-MYlEfn5VrLNsgudQTVJeNaQFUAI7DkhnOjdpAp4T+ku1TfQClewlbSuTVHiA+8skNBgaf02TL/kLOvig4y3G8w==",
            "dev": true
        },
        "typescript-eslint-plugin": {
            "version": "file:../..",
            "dev": true,
            "requires": {
                "@thi.ng/cache": "^1.0.34",
                "mock-require": "^3.0.3",
                "upath": "^1.2.0"
            }
        }
    }
}
